
Microsoft Visual Studio Solution File, Format Version 12.00
# Visual Studio Version 16
VisualStudioVersion = 16.0.31702.278
MinimumVisualStudioVersion = 10.0.40219.1
Project("{FAE04EC0-301F-11D3-BF4B-00C04F79EFBC}") = "Login-Usuario", "Login-Usuario.csproj", "{EEFF6E3A-789D-4340-BB29-E21F28832264}"
EndProject
Global
	GlobalSection(SolutionConfigurationPlatforms) = preSolution
		Debug|Any CPU = Debug|Any CPU
		Release|Any CPU = Release|Any CPU
	EndGlobalSection
	GlobalSection(ProjectConfigurationPlatforms) = postSolution
		{EEFF6E3A-789D-4340-BB29-E21F28832264}.Debug|Any CPU.ActiveCfg = Debug|Any CPU
		{EEFF6E3A-789D-4340-BB29-E21F28832264}.Debug|Any CPU.Build.0 = Debug|Any CPU
		{EEFF6E3A-789D-4340-BB29-E21F28832264}.Release|Any CPU.ActiveCfg = Release|Any CPU
		{EEFF6E3A-789D-4340-BB29-E21F28832264}.Release|Any CPU.Build.0 = Release|Any CPU
	EndGlobalSection
	GlobalSection(SolutionProperties) = preSolution
		HideSolutionNode = FALSE
	EndGlobalSection
	GlobalSection(ExtensibilityGlobals) = postSolution
		SolutionGuid = {7C5A89DC-3B97-4666-A0E0-283F71139F28}
	EndGlobalSection
EndGlobal
